
Microsoft Visual Studio Solution File, Format Version 12.00
# Visual Studio 15
VisualStudioVersion = 15.0.28010.2036
MinimumVisualStudioVersion = 10.0.40219.1
Project("{FAE04EC0-301F-11D3-BF4B-00C04F79EFBC}") = "LogicDesigner", "LogicDesigner\LogicDesigner.csproj", "{136181A9-5927-4254-91B6-FB0848DB83FA}"
EndProject
Project("{FAE04EC0-301F-11D3-BF4B-00C04F79EFBC}") = "ComponentLibrary", "ComponentLibrary\ComponentLibrary.csproj", "{88D86433-5071-48F7-8073-5EC1F12DE4B0}"
EndProject
Project("{FAE04EC0-301F-11D3-BF4B-00C04F79EFBC}") = "TestANDGate", "TestANDGate\TestANDGate.csproj", "{36F024FA-6833-4771-87BB-3E9DD576ADEC}"
EndProject
Global
	GlobalSection(SolutionConfigurationPlatforms) = preSolution
		Debug|Any CPU = Debug|Any CPU
		Release|Any CPU = Release|Any CPU
	EndGlobalSection
	GlobalSection(ProjectConfigurationPlatforms) = postSolution
		{136181A9-5927-4254-91B6-FB0848DB83FA}.Debug|Any CPU.ActiveCfg = Debug|Any CPU
		{136181A9-5927-4254-91B6-FB0848DB83FA}.Debug|Any CPU.Build.0 = Debug|Any CPU
		{136181A9-5927-4254-91B6-FB0848DB83FA}.Release|Any CPU.ActiveCfg = Release|Any CPU
		{136181A9-5927-4254-91B6-FB0848DB83FA}.Release|Any CPU.Build.0 = Release|Any CPU
		{88D86433-5071-48F7-8073-5EC1F12DE4B0}.Debug|Any CPU.ActiveCfg = Debug|Any CPU
		{88D86433-5071-48F7-8073-5EC1F12DE4B0}.Debug|Any CPU.Build.0 = Debug|Any CPU
		{88D86433-5071-48F7-8073-5EC1F12DE4B0}.Release|Any CPU.ActiveCfg = Release|Any CPU
		{88D86433-5071-48F7-8073-5EC1F12DE4B0}.Release|Any CPU.Build.0 = Release|Any CPU
		{36F024FA-6833-4771-87BB-3E9DD576ADEC}.Debug|Any CPU.ActiveCfg = Debug|Any CPU
		{36F024FA-6833-4771-87BB-3E9DD576ADEC}.Debug|Any CPU.Build.0 = Debug|Any CPU
		{36F024FA-6833-4771-87BB-3E9DD576ADEC}.Release|Any CPU.ActiveCfg = Release|Any CPU
		{36F024FA-6833-4771-87BB-3E9DD576ADEC}.Release|Any CPU.Build.0 = Release|Any CPU
	EndGlobalSection
	GlobalSection(SolutionProperties) = preSolution
		HideSolutionNode = FALSE
	EndGlobalSection
	GlobalSection(ExtensibilityGlobals) = postSolution
		SolutionGuid = {761A5E9A-B34E-4506-9247-5D91122D98C6}
	EndGlobalSection
EndGlobal
